<?xml version="1.0" encoding="utf-8"?>
<Project ToolsVersion="4.0" xmlns="http://schemas.microsoft.com/developer/msbuild/2003">
  <ItemGroup>
    <Filter Include="Source Files">
      <UniqueIdentifier>{4FC737F1-C7A5-4376-A066-2A32D752A2FF}</UniqueIdentifier>
      <Extensions>cpp;c;cc;cxx;def;odl;idl;hpj;bat;asm;asmx</Extensions>
    </Filter>
    <Filter Include="Header Files">
      <UniqueIdentifier>{93995380-89BD-4b04-88EB-625FBE52EBFB}</UniqueIdentifier>
      <Extensions>h;hh;hpp;hxx;hm;inl;inc;xsd</Extensions>
    </Filter>
    <Filter Include="Form Files">
      <UniqueIdentifier>{99349809-55BA-4b9d-BF79-8FDBB0286EB3}</UniqueIdentifier>
      <Extensions>ui</Extensions>
    </Filter>
    <Filter Include="Resource Files">
      <UniqueIdentifier>{D9D6E242-F8AF-46E4-B9FD-80ECBC20BA3E}</UniqueIdentifier>
      <Extensions>qrc;*</Extensions>
      <ParseFiles>false</ParseFiles>
    </Filter>
    <Filter Include="Generated Files">
      <UniqueIdentifier>{71ED8ED8-ACB9-4CE9-BBE1-E00B30144E11}</UniqueIdentifier>
      <Extensions>moc;h;cpp</Extensions>
      <SourceControlFiles>False</SourceControlFiles>
    </Filter>
    <Filter Include="Resource Files">
      <UniqueIdentifier>{D9D6E242-F8AF-46E4-B9FD-80ECBC20BA3E}</UniqueIdentifier>
      <Extensions>qrc;*</Extensions>
      <ParseFiles>false</ParseFiles>
    </Filter>
    <Filter Include="Header Files\QT">
      <UniqueIdentifier>{c79c5d8c-21bd-42a7-8b02-9f15f371fd6b}</UniqueIdentifier>
    </Filter>
    <Filter Include="Source Files\QT">
      <UniqueIdentifier>{dc8cebbe-7a66-40d2-8292-850447b1b729}</UniqueIdentifier>
    </Filter>
    <Filter Include="Header Files\Widgets">
      <UniqueIdentifier>{429fe43e-c940-4785-806a-44b6ca47be8f}</UniqueIdentifier>
    </Filter>
    <Filter Include="Header Files\Test">
      <UniqueIdentifier>{4a4772e5-a067-4b35-aa23-c7f2d6e42e49}</UniqueIdentifier>
    </Filter>
    <Filter Include="Header Files\Test\Widgets">
      <UniqueIdentifier>{7b81662c-0701-48dd-a33f-f3739c8a6f8c}</UniqueIdentifier>
    </Filter>
    <Filter Include="Source Files\Test">
      <UniqueIdentifier>{e47c7973-1939-47d7-8909-28ac62257325}</UniqueIdentifier>
    </Filter>
    <Filter Include="Source Files\Test\Widgets">
      <UniqueIdentifier>{cc1c4ce4-7abb-49ca-9709-46804598a89f}</UniqueIdentifier>
    </Filter>
    <Filter Include="Source Files\Test\Widgets\Widgets">
      <UniqueIdentifier>{f38c8bb9-b72d-4fe3-96a0-f5a2e7c51337}</UniqueIdentifier>
    </Filter>
    <Filter Include="Source Files\Widgets">
      <UniqueIdentifier>{d8f52e48-779f-4118-9cca-abf892be4bfa}</UniqueIdentifier>
    </Filter>
  </ItemGroup>
  <ItemGroup>
    <None Include="packages.config" />
  </ItemGroup>
  <ItemGroup>
    <ClInclude Include="EsferixisQtApplication.h">
      <Filter>Header Files\QT</Filter>
    </ClInclude>
    <ClInclude Include="HNoteSegmentMultigraph.h">
      <Filter>Header Files\Widgets</Filter>
    </ClInclude>
    <ClInclude Include="MultigraphCViewMockTestWindow.h">
      <Filter>Header Files\Test\Widgets</Filter>
    </ClInclude>
    <ClInclude Include="EsferixisQtPainterAux.h">
      <Filter>Header Files\QT</Filter>
    </ClInclude>
    <ClInclude Include="EsferixisQtMisc.h">
      <Filter>Header Files\QT</Filter>
    </ClInclude>
    <ClInclude Include="ModifiableNoteSegmentViewMock.h">
      <Filter>Header Files\Test\Widgets</Filter>
    </ClInclude>
    <ClInclude Include="resource.h">
      <Filter>Header Files\Widgets</Filter>
    </ClInclude>
  </ItemGroup>
  <ItemGroup>
    <ClCompile Include="EsferixisQtApplication.cpp">
      <Filter>Source Files\QT</Filter>
    </ClCompile>
    <ClCompile Include="main.cpp">
      <Filter>Source Files</Filter>
    </ClCompile>
    <ClCompile Include="MultigraphCViewMockTestWindow.cpp">
      <Filter>Source Files\Test\Widgets</Filter>
    </ClCompile>
    <ClCompile Include="EsferixisQtPainterAux.cpp">
      <Filter>Source Files\QT</Filter>
    </ClCompile>
    <ClCompile Include="ModifiableNoteSegmentViewMock.cpp">
      <Filter>Source Files\Test\Widgets</Filter>
    </ClCompile>
    <ClCompile Include="HNoteSegmentMultigraph.cpp">
      <Filter>Source Files\Widgets</Filter>
    </ClCompile>
  </ItemGroup>
  <ItemGroup>
    <ResourceCompile Include="EsferixisExperimentalDAWGUIQT.rc" />
  </ItemGroup>
</Project>