<?xml version="1.0" encoding="utf-8"?>
<Project ToolsVersion="4.0" xmlns="http://schemas.microsoft.com/developer/msbuild/2003">
  <ItemGroup>
    <Filter Include="Source Files">
      <UniqueIdentifier>{4FC737F1-C7A5-4376-A066-2A32D752A2FF}</UniqueIdentifier>
      <Extensions>cpp;c;cc;cxx;def;odl;idl;hpj;bat;asm;asmx</Extensions>
    </Filter>
    <Filter Include="Header Files">
      <UniqueIdentifier>{93995380-89BD-4b04-88EB-625FBE52EBFB}</UniqueIdentifier>
      <Extensions>h;hh;hpp;hxx;hm;inl;inc;ipp;xsd</Extensions>
    </Filter>
    <Filter Include="Resource Files">
      <UniqueIdentifier>{67DA6AB6-F800-4c08-8B7A-83BB121AAD01}</UniqueIdentifier>
      <Extensions>rc;ico;cur;bmp;dlg;rc2;rct;bin;rgs;gif;jpg;jpeg;jpe;resx;tiff;tif;png;wav;mfcribbon-ms</Extensions>
    </Filter>
    <Filter Include="Source Files\Esferixis">
      <UniqueIdentifier>{adbf7d64-b978-4ef3-8bfe-93325b603146}</UniqueIdentifier>
    </Filter>
    <Filter Include="Header Files\Esferixis">
      <UniqueIdentifier>{ae1e3d7c-7961-472e-b9e8-491f3a7a173b}</UniqueIdentifier>
    </Filter>
    <Filter Include="Header Files\Esferixis\CPS">
      <UniqueIdentifier>{401bf550-6c21-4806-a025-85575e83b0f5}</UniqueIdentifier>
    </Filter>
    <Filter Include="Header Files\Esferixis\Data">
      <UniqueIdentifier>{47782deb-18fb-444c-905d-5e601b3b7833}</UniqueIdentifier>
    </Filter>
  </ItemGroup>
  <ItemGroup>
    <ClInclude Include="stdafx.h">
      <Filter>Header Files</Filter>
    </ClInclude>
    <ClInclude Include="targetver.h">
      <Filter>Header Files</Filter>
    </ClInclude>
    <ClInclude Include="include\esferixis\common\cps\asyncforker.h">
      <Filter>Header Files\Esferixis\CPS</Filter>
    </ClInclude>
    <ClInclude Include="include\esferixis\common\cps\cont.h">
      <Filter>Header Files\Esferixis\CPS</Filter>
    </ClInclude>
    <ClInclude Include="include\esferixis\common\cps\sched.h">
      <Filter>Header Files\Esferixis\CPS</Filter>
    </ClInclude>
    <ClInclude Include="include\esferixis\common\common.h">
      <Filter>Header Files\Esferixis</Filter>
    </ClInclude>
    <ClInclude Include="include\esferixis\common\contextualized.h">
      <Filter>Header Files\Esferixis</Filter>
    </ClInclude>
    <ClInclude Include="include\esferixis\common\data\linkedlist.h">
      <Filter>Header Files\Esferixis\Data</Filter>
    </ClInclude>
    <ClInclude Include="include\esferixis\common\cps\exception.h">
      <Filter>Header Files</Filter>
    </ClInclude>
    <ClInclude Include="include\esferixis\common\math\vec2f.h">
      <Filter>Header Files</Filter>
    </ClInclude>
  </ItemGroup>
  <ItemGroup>
    <ClCompile Include="stdafx.cpp">
      <Filter>Source Files</Filter>
    </ClCompile>
    <ClCompile Include="dllmain.cpp">
      <Filter>Source Files</Filter>
    </ClCompile>
    <ClCompile Include="src\EsferixisCommon.cpp">
      <Filter>Source Files\Esferixis</Filter>
    </ClCompile>
    <ClCompile Include="src\EsferixisCPSAsyncForker.cpp">
      <Filter>Source Files\Esferixis</Filter>
    </ClCompile>
    <ClCompile Include="src\EsferixisCPSSched.cpp">
      <Filter>Source Files\Esferixis</Filter>
    </ClCompile>
    <ClCompile Include="src\EsferixisContextualized.cpp">
      <Filter>Source Files\Esferixis</Filter>
    </ClCompile>
    <ClCompile Include="src\EsferixisCPSCont.cpp">
      <Filter>Source Files\Esferixis</Filter>
    </ClCompile>
    <ClCompile Include="src\EsferixisCPSException.cpp">
      <Filter>Source Files</Filter>
    </ClCompile>
  </ItemGroup>
  <ItemGroup>
    <None Include="packages.config" />
  </ItemGroup>
</Project>