<?xml version="1.0" encoding="utf-8"?>
<Project ToolsVersion="4.0" xmlns="http://schemas.microsoft.com/developer/msbuild/2003">
  <ItemGroup>
    <Filter Include="Source Files">
      <UniqueIdentifier>{4FC737F1-C7A5-4376-A066-2A32D752A2FF}</UniqueIdentifier>
      <Extensions>cpp;c;cc;cxx;def;odl;idl;hpj;bat;asm;asmx</Extensions>
    </Filter>
    <Filter Include="Header Files">
      <UniqueIdentifier>{93995380-89BD-4b04-88EB-625FBE52EBFB}</UniqueIdentifier>
      <Extensions>h;hh;hpp;hxx;hm;inl;inc;ipp;xsd</Extensions>
    </Filter>
    <Filter Include="Resource Files">
      <UniqueIdentifier>{67DA6AB6-F800-4c08-8B7A-83BB121AAD01}</UniqueIdentifier>
      <Extensions>rc;ico;cur;bmp;dlg;rc2;rct;bin;rgs;gif;jpg;jpeg;jpe;resx;tiff;tif;png;wav;mfcribbon-ms</Extensions>
    </Filter>
    <Filter Include="Source Files\Esferixis">
      <UniqueIdentifier>{adbf7d64-b978-4ef3-8bfe-93325b603146}</UniqueIdentifier>
    </Filter>
    <Filter Include="Source Files\Esferixis\CPS">
      <UniqueIdentifier>{457a4c99-8db1-472a-9ad1-55b642af7717}</UniqueIdentifier>
    </Filter>
    <Filter Include="Source Files\Esferixis\CPS\Sched">
      <UniqueIdentifier>{0c00d8dc-3ae3-47aa-9f17-4f12c886431e}</UniqueIdentifier>
    </Filter>
    <Filter Include="Source Files\Esferixis\CPS\Concurrency">
      <UniqueIdentifier>{2cf9dcc6-6904-4637-9426-2bc60a2dc62b}</UniqueIdentifier>
    </Filter>
    <Filter Include="Source Files\Esferixis\Procedural">
      <UniqueIdentifier>{d5e0c966-4aca-4066-be2c-60c0ab17a12c}</UniqueIdentifier>
    </Filter>
    <Filter Include="Header Files\Esferixis">
      <UniqueIdentifier>{ae1e3d7c-7961-472e-b9e8-491f3a7a173b}</UniqueIdentifier>
    </Filter>
    <Filter Include="Header Files\Esferixis\CPS">
      <UniqueIdentifier>{401bf550-6c21-4806-a025-85575e83b0f5}</UniqueIdentifier>
    </Filter>
    <Filter Include="Header Files\Esferixis\CPS\Concurrency">
      <UniqueIdentifier>{b15b6951-ab60-4000-996c-5ba0a285c84b}</UniqueIdentifier>
    </Filter>
    <Filter Include="Header Files\Esferixis\CPS\Sched">
      <UniqueIdentifier>{d5859f77-b4f5-4d4d-b4ea-ef0b2b2f332c}</UniqueIdentifier>
    </Filter>
  </ItemGroup>
  <ItemGroup>
    <ClInclude Include="stdafx.h">
      <Filter>Header Files</Filter>
    </ClInclude>
    <ClInclude Include="targetver.h">
      <Filter>Header Files</Filter>
    </ClInclude>
    <ClInclude Include="EsferixisCPSCont.h">
      <Filter>Source Files\Esferixis\CPS</Filter>
    </ClInclude>
    <ClInclude Include="EsferixisCommon.h">
      <Filter>Source Files</Filter>
    </ClInclude>
    <ClInclude Include="EsferixisCPSAsyncForker.h">
      <Filter>Header Files\Esferixis\CPS\Concurrency</Filter>
    </ClInclude>
    <ClInclude Include="EsferixisCPSSched.h">
      <Filter>Header Files\Esferixis\CPS\Sched</Filter>
    </ClInclude>
    <ClInclude Include="EsferixisCPSSchedPool.h">
      <Filter>Header Files\Esferixis\CPS\Sched</Filter>
    </ClInclude>
  </ItemGroup>
  <ItemGroup>
    <ClCompile Include="stdafx.cpp">
      <Filter>Source Files</Filter>
    </ClCompile>
    <ClCompile Include="dllmain.cpp">
      <Filter>Source Files</Filter>
    </ClCompile>
    <ClCompile Include="EsferixisCPSSched.cpp">
      <Filter>Source Files\Esferixis\CPS\Sched</Filter>
    </ClCompile>
    <ClCompile Include="EsferixisCPSAsyncForker.cpp">
      <Filter>Source Files\Esferixis\CPS\Concurrency</Filter>
    </ClCompile>
    <ClCompile Include="EsferixisCPSSchedPool.cpp">
      <Filter>Source Files\Esferixis\CPS\Sched</Filter>
    </ClCompile>
  </ItemGroup>
  <ItemGroup>
    <None Include="packages.config" />
  </ItemGroup>
</Project>